
Microsoft Visual Studio Solution File, Format Version 12.00
# Visual Studio Version 17
VisualStudioVersion = 17.5.002.0
MinimumVisualStudioVersion = 10.0.40219.1
Project("{9A19103F-16F7-4668-BE54-9A1E7A4F7556}") = "03", "03.csproj", "{98636D01-5A86-4506-9293-CFC1CB2C39A8}"
EndProject
Global
	GlobalSection(SolutionConfigurationPlatforms) = preSolution
		Debug|Any CPU = Debug|Any CPU
		Release|Any CPU = Release|Any CPU
	EndGlobalSection
	GlobalSection(ProjectConfigurationPlatforms) = postSolution
		{98636D01-5A86-4506-9293-CFC1CB2C39A8}.Debug|Any CPU.ActiveCfg = Debug|Any CPU
		{98636D01-5A86-4506-9293-CFC1CB2C39A8}.Debug|Any CPU.Build.0 = Debug|Any CPU
		{98636D01-5A86-4506-9293-CFC1CB2C39A8}.Release|Any CPU.ActiveCfg = Release|Any CPU
		{98636D01-5A86-4506-9293-CFC1CB2C39A8}.Release|Any CPU.Build.0 = Release|Any CPU
	EndGlobalSection
	GlobalSection(SolutionProperties) = preSolution
		HideSolutionNode = FALSE
	EndGlobalSection
	GlobalSection(ExtensibilityGlobals) = postSolution
		SolutionGuid = {57CEE46D-7E7A-4D61-8465-7EE66671F5C3}
	EndGlobalSection
EndGlobal
