
Microsoft Visual Studio Solution File, Format Version 12.00
# Visual Studio Version 17
VisualStudioVersion = 17.5.002.0
MinimumVisualStudioVersion = 10.0.40219.1
Project("{9A19103F-16F7-4668-BE54-9A1E7A4F7556}") = "05", "05.csproj", "{8B247C07-29DC-4CEA-878C-AD34FF2A541E}"
EndProject
Global
	GlobalSection(SolutionConfigurationPlatforms) = preSolution
		Debug|Any CPU = Debug|Any CPU
		Release|Any CPU = Release|Any CPU
	EndGlobalSection
	GlobalSection(ProjectConfigurationPlatforms) = postSolution
		{8B247C07-29DC-4CEA-878C-AD34FF2A541E}.Debug|Any CPU.ActiveCfg = Debug|Any CPU
		{8B247C07-29DC-4CEA-878C-AD34FF2A541E}.Debug|Any CPU.Build.0 = Debug|Any CPU
		{8B247C07-29DC-4CEA-878C-AD34FF2A541E}.Release|Any CPU.ActiveCfg = Release|Any CPU
		{8B247C07-29DC-4CEA-878C-AD34FF2A541E}.Release|Any CPU.Build.0 = Release|Any CPU
	EndGlobalSection
	GlobalSection(SolutionProperties) = preSolution
		HideSolutionNode = FALSE
	EndGlobalSection
	GlobalSection(ExtensibilityGlobals) = postSolution
		SolutionGuid = {B8A3596E-CF76-41E3-91F3-412657514228}
	EndGlobalSection
EndGlobal
